
Microsoft Visual Studio Solution File, Format Version 12.00
# Visual Studio Version 16
VisualStudioVersion = 16.0.32602.291
MinimumVisualStudioVersion = 10.0.40219.1
Project("{FAE04EC0-301F-11D3-BF4B-00C04F79EFBC}") = "CogentApplication", "CogentApplication\CogentApplication.csproj", "{00D270F2-0959-480F-8D61-C345775D1F5F}"
EndProject
Project("{FAE04EC0-301F-11D3-BF4B-00C04F79EFBC}") = "EFDataAccessLayer", "StudentLibrary\EFDataAccessLayer.csproj", "{BA4D2A06-F2D1-4F1C-99D5-D0A6E52FF3DB}"
EndProject
Project("{FAE04EC0-301F-11D3-BF4B-00C04F79EFBC}") = "EFBusinessLayer", "EFBusinessLayer\EFBusinessLayer.csproj", "{57F3B872-A9DE-4823-81A6-F8B0DD42FCDC}"
EndProject
Global
	GlobalSection(SolutionConfigurationPlatforms) = preSolution
		Debug|Any CPU = Debug|Any CPU
		Release|Any CPU = Release|Any CPU
	EndGlobalSection
	GlobalSection(ProjectConfigurationPlatforms) = postSolution
		{00D270F2-0959-480F-8D61-C345775D1F5F}.Debug|Any CPU.ActiveCfg = Debug|Any CPU
		{00D270F2-0959-480F-8D61-C345775D1F5F}.Debug|Any CPU.Build.0 = Debug|Any CPU
		{00D270F2-0959-480F-8D61-C345775D1F5F}.Release|Any CPU.ActiveCfg = Release|Any CPU
		{00D270F2-0959-480F-8D61-C345775D1F5F}.Release|Any CPU.Build.0 = Release|Any CPU
		{BA4D2A06-F2D1-4F1C-99D5-D0A6E52FF3DB}.Debug|Any CPU.ActiveCfg = Debug|Any CPU
		{BA4D2A06-F2D1-4F1C-99D5-D0A6E52FF3DB}.Debug|Any CPU.Build.0 = Debug|Any CPU
		{BA4D2A06-F2D1-4F1C-99D5-D0A6E52FF3DB}.Release|Any CPU.ActiveCfg = Release|Any CPU
		{BA4D2A06-F2D1-4F1C-99D5-D0A6E52FF3DB}.Release|Any CPU.Build.0 = Release|Any CPU
		{57F3B872-A9DE-4823-81A6-F8B0DD42FCDC}.Debug|Any CPU.ActiveCfg = Debug|Any CPU
		{57F3B872-A9DE-4823-81A6-F8B0DD42FCDC}.Debug|Any CPU.Build.0 = Debug|Any CPU
		{57F3B872-A9DE-4823-81A6-F8B0DD42FCDC}.Release|Any CPU.ActiveCfg = Release|Any CPU
		{57F3B872-A9DE-4823-81A6-F8B0DD42FCDC}.Release|Any CPU.Build.0 = Release|Any CPU
	EndGlobalSection
	GlobalSection(SolutionProperties) = preSolution
		HideSolutionNode = FALSE
	EndGlobalSection
	GlobalSection(ExtensibilityGlobals) = postSolution
		SolutionGuid = {FE4D0910-9B59-4B34-84C4-DF18010EC0A2}
	EndGlobalSection
EndGlobal
